
Microsoft Visual Studio Solution File, Format Version 12.00
# Visual Studio Version 16
VisualStudioVersion = 16.0.31624.102
MinimumVisualStudioVersion = 10.0.40219.1
Project("{FAE04EC0-301F-11D3-BF4B-00C04F79EFBC}") = "Left-Down-node", "Left-Down-node\Left-Down-node.csproj", "{C36A887E-88C3-40BC-8E46-F61EBCD2E264}"
EndProject
Global
	GlobalSection(SolutionConfigurationPlatforms) = preSolution
		Debug|Any CPU = Debug|Any CPU
		Release|Any CPU = Release|Any CPU
	EndGlobalSection
	GlobalSection(ProjectConfigurationPlatforms) = postSolution
		{C36A887E-88C3-40BC-8E46-F61EBCD2E264}.Debug|Any CPU.ActiveCfg = Debug|Any CPU
		{C36A887E-88C3-40BC-8E46-F61EBCD2E264}.Debug|Any CPU.Build.0 = Debug|Any CPU
		{C36A887E-88C3-40BC-8E46-F61EBCD2E264}.Release|Any CPU.ActiveCfg = Release|Any CPU
		{C36A887E-88C3-40BC-8E46-F61EBCD2E264}.Release|Any CPU.Build.0 = Release|Any CPU
	EndGlobalSection
	GlobalSection(SolutionProperties) = preSolution
		HideSolutionNode = FALSE
	EndGlobalSection
	GlobalSection(ExtensibilityGlobals) = postSolution
		SolutionGuid = {9D3527A9-890F-4CBF-9446-E69B04324187}
	EndGlobalSection
EndGlobal
